
Microsoft Visual Studio Solution File, Format Version 12.00
# Visual Studio Version 17
VisualStudioVersion = 17.4.33110.190
MinimumVisualStudioVersion = 10.0.40219.1
Project("{FAE04EC0-301F-11D3-BF4B-00C04F79EFBC}") = "HotelListingSimpleArchitecture.API", "HotelListingSimpleArchitecture.API\HotelListingSimpleArchitecture.API.csproj", "{407FE6E8-E908-45C3-BA89-405043272056}"
EndProject
Global
	GlobalSection(SolutionConfigurationPlatforms) = preSolution
		Debug|Any CPU = Debug|Any CPU
		Release|Any CPU = Release|Any CPU
	EndGlobalSection
	GlobalSection(ProjectConfigurationPlatforms) = postSolution
		{407FE6E8-E908-45C3-BA89-405043272056}.Debug|Any CPU.ActiveCfg = Debug|Any CPU
		{407FE6E8-E908-45C3-BA89-405043272056}.Debug|Any CPU.Build.0 = Debug|Any CPU
		{407FE6E8-E908-45C3-BA89-405043272056}.Release|Any CPU.ActiveCfg = Release|Any CPU
		{407FE6E8-E908-45C3-BA89-405043272056}.Release|Any CPU.Build.0 = Release|Any CPU
	EndGlobalSection
	GlobalSection(SolutionProperties) = preSolution
		HideSolutionNode = FALSE
	EndGlobalSection
	GlobalSection(ExtensibilityGlobals) = postSolution
		SolutionGuid = {28780EE6-75FF-4CFB-82A6-A11A33469375}
	EndGlobalSection
EndGlobal
